Microsoft Visual Studio Solution File, Format Version 12.00
# Visual Studio Version 17
VisualStudioVersion = 17.5.2.0
MinimumVisualStudioVersion = 10.0.40219.1
Project("{FAE04EC0-301F-11D3-BF4B-00C04F79EFBC}") = "SistemaExpertosRRHH", "SistemaExpertosRRHH\SistemaExpertosRRHH.csproj", "{980D29FB-B2F1-F589-6A64-45930EA3D304}"
EndProject
Global
	GlobalSection(SolutionConfigurationPlatforms) = preSolution
		Debug|Any CPU = Debug|Any CPU
		Release|Any CPU = Release|Any CPU
	EndGlobalSection
	GlobalSection(ProjectConfigurationPlatforms) = postSolution
		{980D29FB-B2F1-F589-6A64-45930EA3D304}.Debug|Any CPU.ActiveCfg = Debug|Any CPU
		{980D29FB-B2F1-F589-6A64-45930EA3D304}.Debug|Any CPU.Build.0 = Debug|Any CPU
		{980D29FB-B2F1-F589-6A64-45930EA3D304}.Release|Any CPU.ActiveCfg = Release|Any CPU
		{980D29FB-B2F1-F589-6A64-45930EA3D304}.Release|Any CPU.Build.0 = Release|Any CPU
	EndGlobalSection
	GlobalSection(SolutionProperties) = preSolution
		HideSolutionNode = FALSE
	EndGlobalSection
	GlobalSection(ExtensibilityGlobals) = postSolution
		SolutionGuid = {42654623-6856-4F8D-9265-8FEBC7B24FD0}
	EndGlobalSection
EndGlobal
